
Microsoft Visual Studio Solution File, Format Version 12.00
# Visual Studio Version 17
VisualStudioVersion = 17.5.33530.505
MinimumVisualStudioVersion = 10.0.40219.1
Project("{FAE04EC0-301F-11D3-BF4B-00C04F79EFBC}") = "CodingTracker", "CodingTracker\CodingTracker.csproj", "{D46B4E9B-6B8F-40EB-9EBF-0FE924652D97}"
EndProject
Global
	GlobalSection(SolutionConfigurationPlatforms) = preSolution
		Debug|Any CPU = Debug|Any CPU
		Release|Any CPU = Release|Any CPU
	EndGlobalSection
	GlobalSection(ProjectConfigurationPlatforms) = postSolution
		{D46B4E9B-6B8F-40EB-9EBF-0FE924652D97}.Debug|Any CPU.ActiveCfg = Debug|Any CPU
		{D46B4E9B-6B8F-40EB-9EBF-0FE924652D97}.Debug|Any CPU.Build.0 = Debug|Any CPU
		{D46B4E9B-6B8F-40EB-9EBF-0FE924652D97}.Release|Any CPU.ActiveCfg = Release|Any CPU
		{D46B4E9B-6B8F-40EB-9EBF-0FE924652D97}.Release|Any CPU.Build.0 = Release|Any CPU
	EndGlobalSection
	GlobalSection(SolutionProperties) = preSolution
		HideSolutionNode = FALSE
	EndGlobalSection
	GlobalSection(ExtensibilityGlobals) = postSolution
		SolutionGuid = {2949174E-DF9D-4C9E-B1B1-B730148FF4DD}
	EndGlobalSection
EndGlobal
